
Microsoft Visual Studio Solution File, Format Version 12.00
# Visual Studio Version 17
VisualStudioVersion = 17.10.35027.167
MinimumVisualStudioVersion = 10.0.40219.1
Project("{2150E333-8FDC-42A3-9474-1A3956D46DE8}") = "Solution Items", "Solution Items", "{B5D3D276-E4E5-4941-B511-E37FBB34AD0F}"
	ProjectSection(SolutionItems) = preProject
		.editorconfig = .editorconfig
	EndProjectSection
EndProject
Project("{FAE04EC0-301F-11D3-BF4B-00C04F79EFBC}") = "VoiceDecoder", "VoiceDecoder\VoiceDecoder.csproj", "{9CC7CFEF-235B-4F8A-8834-88F74F045BAC}"
EndProject
Global
	GlobalSection(SolutionConfigurationPlatforms) = preSolution
		Debug|Any CPU = Debug|Any CPU
		Release|Any CPU = Release|Any CPU
	EndGlobalSection
	GlobalSection(ProjectConfigurationPlatforms) = postSolution
		{9CC7CFEF-235B-4F8A-8834-88F74F045BAC}.Debug|Any CPU.ActiveCfg = Debug|Any CPU
		{9CC7CFEF-235B-4F8A-8834-88F74F045BAC}.Debug|Any CPU.Build.0 = Debug|Any CPU
		{9CC7CFEF-235B-4F8A-8834-88F74F045BAC}.Release|Any CPU.ActiveCfg = Release|Any CPU
		{9CC7CFEF-235B-4F8A-8834-88F74F045BAC}.Release|Any CPU.Build.0 = Release|Any CPU
	EndGlobalSection
	GlobalSection(SolutionProperties) = preSolution
		HideSolutionNode = FALSE
	EndGlobalSection
	GlobalSection(ExtensibilityGlobals) = postSolution
		SolutionGuid = {5ECCA754-6E87-47E7-997D-89B54338F850}
	EndGlobalSection
EndGlobal
